// !$*UTF8*$!
{
	archiveVersion = 1;
	classes = {
	};
	objectVersion = 50;
	objects = {

/* Begin PBXBuildFile section */
		CED39B1021224C050096F70D /* AppDelegate.m in Sources */ = {isa = PBXBuildFile; fileRef = CED39B0F21224C050096F70D /* AppDelegate.m */; };
		CED39B1321224C050096F70D /* ViewController.m in Sources */ = {isa = PBXBuildFile; fileRef = CED39B1221224C050096F70D /* ViewController.m */; };
		CED39B1621224C050096F70D /* Main.storyboard in Resources */ = {isa = PBXBuildFile; fileRef = CED39B1421224C050096F70D /* Main.storyboard */; };
		CED39B1821224C080096F70D /* Assets.xcassets in Resources */ = {isa = PBXBuildFile; fileRef = CED39B1721224C080096F70D /* Assets.xcassets */; };
		CED39B1B21224C080096F70D /* LaunchScreen.storyboard in Resources */ = {isa = PBXBuildFile; fileRef = CED39B1921224C080096F70D /* LaunchScreen.storyboard */; };
		CED39B1E21224C080096F70D /* main.m in Sources */ = {isa = PBXBuildFile; fileRef = CED39B1D21224C080096F70D /* main.m */; };
		CED39B2821224C090096F70D /* SMStateMachineTests.m in Sources */ = {isa = PBXBuildFile; fileRef = CED39B2721224C090096F70D /* SMStateMachineTests.m */; };
		CED39B3421224C1D0096F70D /* SMStateMachine.m in Sources */ = {isa = PBXBuildFile; fileRef = CED39B3321224C1D0096F70D /* SMStateMachine.m */; };
/* End PBXBuildFile section */

/* Begin PBXContainerItemProxy section */
		CED39B2421224C090096F70D /* PBXContainerItemProxy */ = {
			isa = PBXContainerItemProxy;
			containerPortal = CED39B0321224C050096F70D /* Project object */;
			proxyType = 1;
			remoteGlobalIDString = CED39B0A21224C050096F70D;
			remoteInfo = SMStateMachine;
		};
/* End PBXContainerItemProxy section */

/* Begin PBXFileReference section */
		CED39B0B21224C050096F70D /* SMStateMachine.app */ = {isa = PBXFileReference; explicitFileType = wrapper.application; includeInIndex = 0; path = SMStateMachine.app; sourceTree = BUILT_PRODUCTS_DIR; };
		CED39B0E21224C050096F70D /* AppDelegate.h */ = {isa = PBXFileReference; lastKnownFileType = sourcecode.c.h; path = AppDelegate.h; sourceTree = "<group>"; };
		CED39B0F21224C050096F70D /* AppDelegate.m */ = {isa = PBXFileReference; lastKnownFileType = sourcecode.c.objc; path = AppDelegate.m; sourceTree = "<group>"; };
		CED39B1121224C050096F70D /* ViewController.h */ = {isa = PBXFileReference; lastKnownFileType = sourcecode.c.h; path = ViewController.h; sourceTree = "<group>"; };
		CED39B1221224C050096F70D /* ViewController.m */ = {isa = PBXFileReference; lastKnownFileType = sourcecode.c.objc; path = ViewController.m; sourceTree = "<group>"; };
		CED39B1521224C050096F70D /* Base */ = {isa = PBXFileReference; lastKnownFileType = file.storyboard; name = Base; path = Base.lproj/Main.storyboard; sourceTree = "<group>"; };
		CED39B1721224C080096F70D /* Assets.xcassets */ = {isa = PBXFileReference; lastKnownFileType = folder.assetcatalog; path = Assets.xcassets; sourceTree = "<group>"; };
		CED39B1A21224C080096F70D /* Base */ = {isa = PBXFileReference; lastKnownFileType = file.storyboard; name = Base; path = Base.lproj/LaunchScreen.storyboard; sourceTree = "<group>"; };
		CED39B1C21224C080096F70D /* Info.plist */ = {isa = PBXFileReference; lastKnownFileType = text.plist.xml; path = Info.plist; sourceTree = "<group>"; };
		CED39B1D21224C080096F70D /* main.m */ = {isa = PBXFileReference; lastKnownFileType = sourcecode.c.objc; path = main.m; sourceTree = "<group>"; };
		CED39B2321224C090096F70D /* SMStateMachineTests.xctest */ = {isa = PBXFileReference; explicitFileType = wrapper.cfbundle; includeInIndex = 0; path = SMStateMachineTests.xctest; sourceTree = BUILT_PRODUCTS_DIR; };
		CED39B2721224C090096F70D /* SMStateMachineTests.m */ = {isa = PBXFileReference; lastKnownFileType = sourcecode.c.objc; path = SMStateMachineTests.m; sourceTree = "<group>"; };
		CED39B2921224C090096F70D /* Info.plist */ = {isa = PBXFileReference; lastKnownFileType = text.plist.xml; path = Info.plist; sourceTree = "<group>"; };
		CED39B3221224C1D0096F70D /* SMStateMachine.h */ = {isa = PBXFileReference; lastKnownFileType = sourcecode.c.h; path = SMStateMachine.h; sourceTree = "<group>"; };
		CED39B3321224C1D0096F70D /* SMStateMachine.m */ = {isa = PBXFileReference; lastKnownFileType = sourcecode.c.objc; path = SMStateMachine.m; sourceTree = "<group>"; };
/* End PBXFileReference section */

/* Begin PBXFrameworksBuildPhase section */
		CED39B0821224C050096F70D /* Frameworks */ = {
			isa = PBXFrameworksBuildPhase;
			buildActionMask = 2147483647;
			files = (
			);
			runOnlyForDeploymentPostprocessing = 0;
		};
		CED39B2021224C090096F70D /* Frameworks */ = {
			isa = PBXFrameworksBuildPhase;
			buildActionMask = 2147483647;
			files = (
			);
			runOnlyForDeploymentPostprocessing = 0;
		};
/* End PBXFrameworksBuildPhase section */

/* Begin PBXGroup section */
		CED39B0221224C050096F70D = {
			isa = PBXGroup;
			children = (
				CED39B0D21224C050096F70D /* SMStateMachine */,
				CED39B2621224C090096F70D /* SMStateMachineTests */,
				CED39B0C21224C050096F70D /* Products */,
			);
			sourceTree = "<group>";
		};
		CED39B0C21224C050096F70D /* Products */ = {
			isa = PBXGroup;
			children = (
				CED39B0B21224C050096F70D /* SMStateMachine.app */,
				CED39B2321224C090096F70D /* SMStateMachineTests.xctest */,
			);
			name = Products;
			sourceTree = "<group>";
		};
		CED39B0D21224C050096F70D /* SMStateMachine */ = {
			isa = PBXGroup;
			children = (
				CED39B0E21224C050096F70D /* AppDelegate.h */,
				CED39B0F21224C050096F70D /* AppDelegate.m */,
				CED39B1121224C050096F70D /* ViewController.h */,
				CED39B1221224C050096F70D /* ViewController.m */,
				CED39B3221224C1D0096F70D /* SMStateMachine.h */,
				CED39B3321224C1D0096F70D /* SMStateMachine.m */,
				CED39B1421224C050096F70D /* Main.storyboard */,
				CED39B1721224C080096F70D /* Assets.xcassets */,
				CED39B1921224C080096F70D /* LaunchScreen.storyboard */,
				CED39B1C21224C080096F70D /* Info.plist */,
				CED39B1D21224C080096F70D /* main.m */,
			);
			path = SMStateMachine;
			sourceTree = "<group>";
		};
		CED39B2621224C090096F70D /* SMStateMachineTests */ = {
			isa = PBXGroup;
			children = (
				CED39B2721224C090096F70D /* SMStateMachineTests.m */,
				CED39B2921224C090096F70D /* Info.plist */,
			);
			path = SMStateMachineTests;
			sourceTree = "<group>";
		};
/* End PBXGroup section */

/* Begin PBXNativeTarget section */
		CED39B0A21224C050096F70D /* SMStateMachine */ = {
			isa = PBXNativeTarget;
			buildConfigurationList = CED39B2C21224C090096F70D /* Build configuration list for PBXNativeTarget "SMStateMachine" */;
			buildPhases = (
				CED39B0721224C050096F70D /* Sources */,
				CED39B0821224C050096F70D /* Frameworks */,
				CED39B0921224C050096F70D /* Resources */,
			);
			buildRules = (
			);
			dependencies = (
			);
			name = SMStateMachine;
			productName = SMStateMachine;
			productReference = CED39B0B21224C050096F70D /* SMStateMachine.app */;
			productType = "com.apple.product-type.application";
		};
		CED39B2221224C090096F70D /* SMStateMachineTests */ = {
			isa = PBXNativeTarget;
			buildConfigurationList = CED39B2F21224C090096F70D /* Build configuration list for PBXNativeTarget "SMStateMachineTests" */;
			buildPhases = (
				CED39B1F21224C090096F70D /* Sources */,
				CED39B2021224C090096F70D /* Frameworks */,
				CED39B2121224C090096F70D /* Resources */,
			);
			buildRules = (
			);
			dependencies = (
				CED39B2521224C090096F70D /* PBXTargetDependency */,
			);
			name = SMStateMachineTests;
			productName = SMStateMachineTests;
			productReference = CED39B2321224C090096F70D /* SMStateMachineTests.xctest */;
			productType = "com.apple.product-type.bundle.unit-test";
		};
/* End PBXNativeTarget section */

/* Begin PBXProject section */
		CED39B0321224C050096F70D /* Project object */ = {
			isa = PBXProject;
			attributes = {
				LastUpgradeCheck = 0940;
				ORGANIZATIONNAME = BNR;
				TargetAttributes = {
					CED39B0A21224C050096F70D = {
						CreatedOnToolsVersion = 9.4.1;
					};
					CED39B2221224C090096F70D = {
						CreatedOnToolsVersion = 9.4.1;
						TestTargetID = CED39B0A21224C050096F70D;
					};
				};
			};
			buildConfigurationList = CED39B0621224C050096F70D /* Build configuration list for PBXProject "SMStateMachine" */;
			compatibilityVersion = "Xcode 9.3";
			developmentRegion = en;
			hasScannedForEncodings = 0;
			knownRegions = (
				en,
				Base,
			);
			mainGroup = CED39B0221224C050096F70D;
			productRefGroup = CED39B0C21224C050096F70D /* Products */;
			projectDirPath = "";
			projectRoot = "";
			targets = (
				CED39B0A21224C050096F70D /* SMStateMachine */,
				CED39B2221224C090096F70D /* SMStateMachineTests */,
			);
		};
/* End PBXProject section */

/* Begin PBXResourcesBuildPhase section */
		CED39B0921224C050096F70D /* Resources */ = {
			isa = PBXResourcesBuildPhase;
			buildActionMask = 2147483647;
			files = (
				CED39B1B21224C080096F70D /* LaunchScreen.storyboard in Resources */,
				CED39B1821224C080096F70D /* Assets.xcassets in Resources */,
				CED39B1621224C050096F70D /* Main.storyboard in Resources */,
			);
			runOnlyForDeploymentPostprocessing = 0;
		};
		CED39B2121224C090096F70D /* Resources */ = {
			isa = PBXResourcesBuildPhase;
			buildActionMask = 2147483647;
			files = (
			);
			runOnlyForDeploymentPostprocessing = 0;
		};
/* End PBXResourcesBuildPhase section */

/* Begin PBXSourcesBuildPhase section */
		CED39B0721224C050096F70D /* Sources */ = {
			isa = PBXSourcesBuildPhase;
			buildActionMask = 2147483647;
			files = (
				CED39B1321224C050096F70D /* ViewController.m in Sources */,
				CED39B3421224C1D0096F70D /* SMStateMachine.m in Sources */,
				CED39B1E21224C080096F70D /* main.m in Sources */,
				CED39B1021224C050096F70D /* AppDelegate.m in Sources */,
			);
			runOnlyForDeploymentPostprocessing = 0;
		};
		CED39B1F21224C090096F70D /* Sources */ = {
			isa = PBXSourcesBuildPhase;
			buildActionMask = 2147483647;
			files = (
				CED39B2821224C090096F70D /* SMStateMachineTests.m in Sources */,
			);
			runOnlyForDeploymentPostprocessing = 0;
		};
/* End PBXSourcesBuildPhase section */

/* Begin PBXTargetDependency section */
		CED39B2521224C090096F70D /* PBXTargetDependency */ = {
			isa = PBXTargetDependency;
			target = CED39B0A21224C050096F70D /* SMStateMachine */;
			targetProxy = CED39B2421224C090096F70D /* PBXContainerItemProxy */;
		};
/* End PBXTargetDependency section */

/* Begin PBXVariantGroup section */
		CED39B1421224C050096F70D /* Main.storyboard */ = {
			isa = PBXVariantGroup;
			children = (
				CED39B1521224C050096F70D /* Base */,
			);
			name = Main.storyboard;
			sourceTree = "<group>";
		};
		CED39B1921224C080096F70D /* LaunchScreen.storyboard */ = {
			isa = PBXVariantGroup;
			children = (
				CED39B1A21224C080096F70D /* Base */,
			);
			name = LaunchScreen.storyboard;
			sourceTree = "<group>";
		};
/* End PBXVariantGroup section */

/* Begin XCBuildConfiguration section */
		CED39B2A21224C090096F70D /* Debug */ = {
			isa = XCBuildConfiguration;
			buildSettings = {
				ALWAYS_SEARCH_USER_PATHS = NO;
				CLANG_ANALYZER_NONNULL = YES;
				CLANG_ANALYZER_NUMBER_OBJECT_CONVERSION = YES_AGGRESSIVE;
				CLANG_CXX_LANGUAGE_STANDARD = "gnu++14";
				CLANG_CXX_LIBRARY = "libc++";
				CLANG_ENABLE_MODULES = YES;
				CLANG_ENABLE_OBJC_ARC = YES;
				CLANG_ENABLE_OBJC_WEAK = YES;
				CLANG_WARN_BLOCK_CAPTURE_AUTORELEASING = YES;
				CLANG_WARN_BOOL_CONVERSION = YES;
				CLANG_WARN_COMMA = YES;
				CLANG_WARN_CONSTANT_CONVERSION = YES;
				CLANG_WARN_DEPRECATED_OBJC_IMPLEMENTATIONS = YES;
				CLANG_WARN_DIRECT_OBJC_ISA_USAGE = YES_ERROR;
				CLANG_WARN_DOCUMENTATION_COMMENTS = YES;
				CLANG_WARN_EMPTY_BODY = YES;
				CLANG_WARN_ENUM_CONVERSION = YES;
				CLANG_WARN_INFINITE_RECURSION = YES;
				CLANG_WARN_INT_CONVERSION = YES;
				CLANG_WARN_NON_LITERAL_NULL_CONVERSION = YES;
				CLANG_WARN_OBJC_IMPLICIT_RETAIN_SELF = YES;
				CLANG_WARN_OBJC_LITERAL_CONVERSION = YES;
				CLANG_WARN_OBJC_ROOT_CLASS = YES_ERROR;
				CLANG_WARN_RANGE_LOOP_ANALYSIS = YES;
				CLANG_WARN_STRICT_PROTOTYPES = YES;
				CLANG_WARN_SUSPICIOUS_MOVE = YES;
				CLANG_WARN_UNGUARDED_AVAILABILITY = YES_AGGRESSIVE;
				CLANG_WARN_UNREACHABLE_CODE = YES;
				CLANG_WARN__DUPLICATE_METHOD_MATCH = YES;
				CODE_SIGN_IDENTITY = "iPhone Developer";
				COPY_PHASE_STRIP = NO;
				DEBUG_INFORMATION_FORMAT = dwarf;
				ENABLE_STRICT_OBJC_MSGSEND = YES;
				ENABLE_TESTABILITY = YES;
				GCC_C_LANGUAGE_STANDARD = gnu11;
				GCC_DYNAMIC_NO_PIC = NO;
				GCC_NO_COMMON_BLOCKS = YES;
				GCC_OPTIMIZATION_LEVEL = 0;
				GCC_PREPROCESSOR_DEFINITIONS = (
					"DEBUG=1",
					"$(inherited)",
				);
				GCC_WARN_64_TO_32_BIT_CONVERSION = YES;
				GCC_WARN_ABOUT_RETURN_TYPE = YES_ERROR;
				GCC_WARN_UNDECLARED_SELECTOR = YES;
				GCC_WARN_UNINITIALIZED_AUTOS = YES_AGGRESSIVE;
				GCC_WARN_UNUSED_FUNCTION = YES;
				GCC_WARN_UNUSED_VARIABLE = YES;
				IPHONEOS_DEPLOYMENT_TARGET = 11.4;
				MTL_ENABLE_DEBUG_INFO = YES;
				ONLY_ACTIVE_ARCH = YES;
				SDKROOT = iphoneos;
			};
			name = Debug;
		};
		CED39B2B21224C090096F70D /* Release */ = {
			isa = XCBuildConfiguration;
			buildSettings = {
				ALWAYS_SEARCH_USER_PATHS = NO;
				CLANG_ANALYZER_NONNULL = YES;
				CLANG_ANALYZER_NUMBER_OBJECT_CONVERSION = YES_AGGRESSIVE;
				CLANG_CXX_LANGUAGE_STANDARD = "gnu++14";
				CLANG_CXX_LIBRARY = "libc++";
				CLANG_ENABLE_MODULES = YES;
				CLANG_ENABLE_OBJC_ARC = YES;
				CLANG_ENABLE_OBJC_WEAK = YES;
				CLANG_WARN_BLOCK_CAPTURE_AUTORELEASING = YES;
				CLANG_WARN_BOOL_CONVERSION = YES;
				CLANG_WARN_COMMA = YES;
				CLANG_WARN_CONSTANT_CONVERSION = YES;
				CLANG_WARN_DEPRECATED_OBJC_IMPLEMENTATIONS = YES;
				CLANG_WARN_DIRECT_OBJC_ISA_USAGE = YES_ERROR;
				CLANG_WARN_DOCUMENTATION_COMMENTS = YES;
				CLANG_WARN_EMPTY_BODY = YES;
				CLANG_WARN_ENUM_CONVERSION = YES;
				CLANG_WARN_INFINITE_RECURSION = YES;
				CLANG_WARN_INT_CONVERSION = YES;
				CLANG_WARN_NON_LITERAL_NULL_CONVERSION = YES;
				CLANG_WARN_OBJC_IMPLICIT_RETAIN_SELF = YES;
				CLANG_WARN_OBJC_LITERAL_CONVERSION = YES;
				CLANG_WARN_OBJC_ROOT_CLASS = YES_ERROR;
				CLANG_WARN_RANGE_LOOP_ANALYSIS = YES;
				CLANG_WARN_STRICT_PROTOTYPES = YES;
				CLANG_WARN_SUSPICIOUS_MOVE = YES;
				CLANG_WARN_UNGUARDED_AVAILABILITY = YES_AGGRESSIVE;
				CLANG_WARN_UNREACHABLE_CODE = YES;
				CLANG_WARN__DUPLICATE_METHOD_MATCH = YES;
				CODE_SIGN_IDENTITY = "iPhone Developer";
				COPY_PHASE_STRIP = NO;
				DEBUG_INFORMATION_FORMAT = "dwarf-with-dsym";
				ENABLE_NS_ASSERTIONS = NO;
				ENABLE_STRICT_OBJC_MSGSEND = YES;
				GCC_C_LANGUAGE_STANDARD = gnu11;
				GCC_NO_COMMON_BLOCKS = YES;
				GCC_WARN_64_TO_32_BIT_CONVERSION = YES;
				GCC_WARN_ABOUT_RETURN_TYPE = YES_ERROR;
				GCC_WARN_UNDECLARED_SELECTOR = YES;
				GCC_WARN_UNINITIALIZED_AUTOS = YES_AGGRESSIVE;
				GCC_WARN_UNUSED_FUNCTION = YES;
				GCC_WARN_UNUSED_VARIABLE = YES;
				IPHONEOS_DEPLOYMENT_TARGET = 11.4;
				MTL_ENABLE_DEBUG_INFO = NO;
				SDKROOT = iphoneos;
				VALIDATE_PRODUCT = YES;
			};
			name = Release;
		};
		CED39B2D21224C090096F70D /* Debug */ = {
			isa = XCBuildConfiguration;
			buildSettings = {
				ASSETCATALOG_COMPILER_APPICON_NAME = AppIcon;
				CODE_SIGN_STYLE = Automatic;
				INFOPLIST_FILE = SMStateMachine/Info.plist;
				LD_RUNPATH_SEARCH_PATHS = (
					"$(inherited)",
					"@executable_path/Frameworks",
				);
				PRODUCT_BUNDLE_IDENTIFIER = bnr.SMStateMachine;
				PRODUCT_NAME = "$(TARGET_NAME)";
				TARGETED_DEVICE_FAMILY = "1,2";
			};
			name = Debug;
		};
		CED39B2E21224C090096F70D /* Release */ = {
			isa = XCBuildConfiguration;
			buildSettings = {
				ASSETCATALOG_COMPILER_APPICON_NAME = AppIcon;
				CODE_SIGN_STYLE = Automatic;
				INFOPLIST_FILE = SMStateMachine/Info.plist;
				LD_RUNPATH_SEARCH_PATHS = (
					"$(inherited)",
					"@executable_path/Frameworks",
				);
				PRODUCT_BUNDLE_IDENTIFIER = bnr.SMStateMachine;
				PRODUCT_NAME = "$(TARGET_NAME)";
				TARGETED_DEVICE_FAMILY = "1,2";
			};
			name = Release;
		};
		CED39B3021224C090096F70D /* Debug */ = {
			isa = XCBuildConfiguration;
			buildSettings = {
				BUNDLE_LOADER = "$(TEST_HOST)";
				CODE_SIGN_STYLE = Automatic;
				INFOPLIST_FILE = SMStateMachineTests/Info.plist;
				LD_RUNPATH_SEARCH_PATHS = (
					"$(inherited)",
					"@executable_path/Frameworks",
					"@loader_path/Frameworks",
				);
				PRODUCT_BUNDLE_IDENTIFIER = bnr.SMStateMachineTests;
				PRODUCT_NAME = "$(TARGET_NAME)";
				TARGETED_DEVICE_FAMILY = "1,2";
				TEST_HOST = "$(BUILT_PRODUCTS_DIR)/SMStateMachine.app/SMStateMachine";
			};
			name = Debug;
		};
		CED39B3121224C090096F70D /* Release */ = {
			isa = XCBuildConfiguration;
			buildSettings = {
				BUNDLE_LOADER = "$(TEST_HOST)";
				CODE_SIGN_STYLE = Automatic;
				INFOPLIST_FILE = SMStateMachineTests/Info.plist;
				LD_RUNPATH_SEARCH_PATHS = (
					"$(inherited)",
					"@executable_path/Frameworks",
					"@loader_path/Frameworks",
				);
				PRODUCT_BUNDLE_IDENTIFIER = bnr.SMStateMachineTests;
				PRODUCT_NAME = "$(TARGET_NAME)";
				TARGETED_DEVICE_FAMILY = "1,2";
				TEST_HOST = "$(BUILT_PRODUCTS_DIR)/SMStateMachine.app/SMStateMachine";
			};
			name = Release;
		};
/* End XCBuildConfiguration section */

/* Begin XCConfigurationList section */
		CED39B0621224C050096F70D /* Build configuration list for PBXProject "SMStateMachine" */ = {
			isa = XCConfigurationList;
			buildConfigurations = (
				CED39B2A21224C090096F70D /* Debug */,
				CED39B2B21224C090096F70D /* Release */,
			);
			defaultConfigurationIsVisible = 0;
			defaultConfigurationName = Release;
		};
		CED39B2C21224C090096F70D /* Build configuration list for PBXNativeTarget "SMStateMachine" */ = {
			isa = XCConfigurationList;
			buildConfigurations = (
				CED39B2D21224C090096F70D /* Debug */,
				CED39B2E21224C090096F70D /* Release */,
			);
			defaultConfigurationIsVisible = 0;
			defaultConfigurationName = Release;
		};
		CED39B2F21224C090096F70D /* Build configuration list for PBXNativeTarget "SMStateMachineTests" */ = {
			isa = XCConfigurationList;
			buildConfigurations = (
				CED39B3021224C090096F70D /* Debug */,
				CED39B3121224C090096F70D /* Release */,
			);
			defaultConfigurationIsVisible = 0;
			defaultConfigurationName = Release;
		};
/* End XCConfigurationList section */
	};
	rootObject = CED39B0321224C050096F70D /* Project object */;
}
